
Microsoft Visual Studio Solution File, Format Version 12.00
# Visual Studio Version 16
VisualStudioVersion = 16.0.31112.23
MinimumVisualStudioVersion = 10.0.40219.1
Project("{E24C65DC-7377-472B-9ABA-BC803B73C61A}") = "Portfólio", "http://localhost:59279", "{34C3144F-2BE0-4F5B-BD0A-83739D11EE0B}"
	ProjectSection(WebsiteProperties) = preProject
		UseIISExpress = "true"
		TargetFrameworkMoniker = ".NETFramework,Version%3Dv4.5"
		Debug.AspNetCompiler.VirtualPath = "/localhost_59279"
		Debug.AspNetCompiler.PhysicalPath = "..\..\..\OneDrive\Documentos\My Web Sites\Portfólio\"
		Debug.AspNetCompiler.TargetPath = "PrecompiledWeb\localhost_59279\"
		Debug.AspNetCompiler.Updateable = "true"
		Debug.AspNetCompiler.ForceOverwrite = "true"
		Debug.AspNetCompiler.FixedNames = "false"
		Debug.AspNetCompiler.Debug = "True"
		Release.AspNetCompiler.VirtualPath = "/localhost_59279"
		Release.AspNetCompiler.PhysicalPath = "..\..\..\OneDrive\Documentos\My Web Sites\Portfólio\"
		Release.AspNetCompiler.TargetPath = "PrecompiledWeb\localhost_59279\"
		Release.AspNetCompiler.Updateable = "true"
		Release.AspNetCompiler.ForceOverwrite = "true"
		Release.AspNetCompiler.FixedNames = "false"
		Release.AspNetCompiler.Debug = "False"
		SlnRelativePath = "..\..\..\OneDrive\Documentos\My Web Sites\Portfólio\"
	EndProjectSection
EndProject
Global
	GlobalSection(SolutionConfigurationPlatforms) = preSolution
		Debug|Any CPU = Debug|Any CPU
	EndGlobalSection
	GlobalSection(ProjectConfigurationPlatforms) = postSolution
		{34C3144F-2BE0-4F5B-BD0A-83739D11EE0B}.Debug|Any CPU.ActiveCfg = Debug|Any CPU
		{34C3144F-2BE0-4F5B-BD0A-83739D11EE0B}.Debug|Any CPU.Build.0 = Debug|Any CPU
	EndGlobalSection
	GlobalSection(SolutionProperties) = preSolution
		HideSolutionNode = FALSE
	EndGlobalSection
	GlobalSection(ExtensibilityGlobals) = postSolution
		SolutionGuid = {C6772028-68B6-443D-AF83-6119F83E3E8D}
	EndGlobalSection
EndGlobal
